
Microsoft Visual Studio Solution File, Format Version 12.00
# Visual Studio Version 17
VisualStudioVersion = 17.2.32616.157
MinimumVisualStudioVersion = 10.0.40219.1
Project("{8BC9CEB8-8B4A-11D0-8D11-00A0C91BC942}") = "Greedy_멀티탭스케줄링_1700", "Greedy_멀티탭스케줄링_1700\Greedy_멀티탭스케줄링_1700.vcxproj", "{68631DC2-DC8E-4077-8F33-334987445FBD}"
EndProject
Global
	GlobalSection(SolutionConfigurationPlatforms) = preSolution
		Debug|x64 = Debug|x64
		Debug|x86 = Debug|x86
		Release|x64 = Release|x64
		Release|x86 = Release|x86
	EndGlobalSection
	GlobalSection(ProjectConfigurationPlatforms) = postSolution
		{68631DC2-DC8E-4077-8F33-334987445FBD}.Debug|x64.ActiveCfg = Debug|x64
		{68631DC2-DC8E-4077-8F33-334987445FBD}.Debug|x64.Build.0 = Debug|x64
		{68631DC2-DC8E-4077-8F33-334987445FBD}.Debug|x86.ActiveCfg = Debug|Win32
		{68631DC2-DC8E-4077-8F33-334987445FBD}.Debug|x86.Build.0 = Debug|Win32
		{68631DC2-DC8E-4077-8F33-334987445FBD}.Release|x64.ActiveCfg = Release|x64
		{68631DC2-DC8E-4077-8F33-334987445FBD}.Release|x64.Build.0 = Release|x64
		{68631DC2-DC8E-4077-8F33-334987445FBD}.Release|x86.ActiveCfg = Release|Win32
		{68631DC2-DC8E-4077-8F33-334987445FBD}.Release|x86.Build.0 = Release|Win32
	EndGlobalSection
	GlobalSection(SolutionProperties) = preSolution
		HideSolutionNode = FALSE
	EndGlobalSection
	GlobalSection(ExtensibilityGlobals) = postSolution
		SolutionGuid = {E0442728-BE3C-416F-9F66-48780E825B65}
	EndGlobalSection
EndGlobal
