
Microsoft Visual Studio Solution File, Format Version 12.00
# Visual Studio Version 17
VisualStudioVersion = 17.2.32616.157
MinimumVisualStudioVersion = 10.0.40219.1
Project("{8BC9CEB8-8B4A-11D0-8D11-00A0C91BC942}") = "BOJ_2447", "BOJ_2447\BOJ_2447.vcxproj", "{D064BEE5-A8B4-4739-8045-E8D88C50C6BC}"
EndProject
Global
	GlobalSection(SolutionConfigurationPlatforms) = preSolution
		Debug|x64 = Debug|x64
		Debug|x86 = Debug|x86
		Release|x64 = Release|x64
		Release|x86 = Release|x86
	EndGlobalSection
	GlobalSection(ProjectConfigurationPlatforms) = postSolution
		{D064BEE5-A8B4-4739-8045-E8D88C50C6BC}.Debug|x64.ActiveCfg = Debug|x64
		{D064BEE5-A8B4-4739-8045-E8D88C50C6BC}.Debug|x64.Build.0 = Debug|x64
		{D064BEE5-A8B4-4739-8045-E8D88C50C6BC}.Debug|x86.ActiveCfg = Debug|Win32
		{D064BEE5-A8B4-4739-8045-E8D88C50C6BC}.Debug|x86.Build.0 = Debug|Win32
		{D064BEE5-A8B4-4739-8045-E8D88C50C6BC}.Release|x64.ActiveCfg = Release|x64
		{D064BEE5-A8B4-4739-8045-E8D88C50C6BC}.Release|x64.Build.0 = Release|x64
		{D064BEE5-A8B4-4739-8045-E8D88C50C6BC}.Release|x86.ActiveCfg = Release|Win32
		{D064BEE5-A8B4-4739-8045-E8D88C50C6BC}.Release|x86.Build.0 = Release|Win32
	EndGlobalSection
	GlobalSection(SolutionProperties) = preSolution
		HideSolutionNode = FALSE
	EndGlobalSection
	GlobalSection(ExtensibilityGlobals) = postSolution
		SolutionGuid = {694580BC-C4F4-4AA9-9543-F788E4525CF1}
	EndGlobalSection
EndGlobal
